{
  "nodes": {
    "flake-utils": {
      "inputs": {
        "systems": "systems"
      },
      "locked": {
        "lastModified": 1731533236,
        "narHash": "sha256-l0KFg5HjrsfsO/JpG+r7fRrqm12kzFHyUHqHCVpMMbI=",
        "owner": "numtide",
        "repo": "flake-utils",
        "rev": "11707dc2f618dd54ca8739b309ec4fc024de578b",
        "type": "github"
      },
      "original": {
        "owner": "numtide",
        "repo": "flake-utils",
        "type": "github"
      }
    },
    "flake-utils_2": {
      "inputs": {
        "systems": "systems_2"
      },
      "locked": {
        "lastModified": 1731533236,
        "narHash": "sha256-l0KFg5HjrsfsO/JpG+r7fRrqm12kzFHyUHqHCVpMMbI=",
        "owner": "numtide",
        "repo": "flake-utils",
        "rev": "11707dc2f618dd54ca8739b309ec4fc024de578b",
        "type": "github"
      },
      "original": {
        "owner": "numtide",
        "repo": "flake-utils",
        "type": "github"
      }
    },
    "maccel": {
      "inputs": {
        "nixpkgs": "nixpkgs"
      },
      "locked": {
        "lastModified": 1785636477,
        "narHash": "sha256-MCiEvAuwmg7pe8OzztV+H3EOK7LduaFpqiwOh4j0smo=",
        "owner": "Gnarus-G",
        "repo": "maccel",
        "rev": "e398002eb6df8c7dcf0fe3fad66d0d05d6dcf1e2",
        "type": "github"
      },
      "original": {
        "owner": "Gnarus-G",
        "repo": "maccel",
        "type": "github"
      }
    },
    "nixpkgs": {
      "locked": {
        "lastModified": 1785571196,
        "narHash": "sha256-KoTsyMQqnXQZq8deCEnu4QkyldkwH/bpMMhUcfMdGIw=",
        "owner": "NixOS",
        "repo": "nixpkgs",
        "rev": "148bab9c1c3c53136ecb44a6ea356a0ed5b39b06",
        "type": "github"
      },
      "original": {
        "owner": "NixOS",
        "ref": "nixos-unstable",
        "repo": "nixpkgs",
        "type": "github"
      }
    },
    "nixpkgs_2": {
      "locked": {
        "lastModified": 1788039129,
        "narHash": "sha256-q/WSLUzcry6IHERr2wZ/Si63RvoHyez7AZ6P+oLDJ5k=",
        "rev": "d2f67949798825fe853f7c5d0492b8bf016d3f88",
        "type": "tarball",
        "url": "https://releases.nixos.org/nixos/unstable/nixos-26.11pre1064150.d2f679497988/nixexprs.tar.xz"
      },
      "original": {
        "type": "tarball",
        "url": "https://channels.nixos.org/nixos-unstable/nixexprs.tar.xz"
      }
    },
    "nixpkgs_3": {
      "locked": {
        "lastModified": 1788039129,
        "narHash": "sha256-pa4Q0qErvCvzCaaUph7Sm37RhR4xvPrYI8Lgz6k85+A=",
        "owner": "NixOS",
        "repo": "nixpkgs",
        "rev": "d2f67949798825fe853f7c5d0492b8bf016d3f88",
        "type": "github"
      },
      "original": {
        "owner": "NixOS",
        "ref": "nixos-unstable",
        "repo": "nixpkgs",
        "type": "github"
      }
    },
    "preload-ng": {
      "inputs": {
        "flake-utils": "flake-utils_2",
        "nixpkgs": "nixpkgs_3"
      },
      "locked": {
        "lastModified": 1768356181,
        "narHash": "sha256-lYx273nqNC1EslejL/yvf+ZJK+yApeUckibbpTyzxoM=",
        "owner": "miguel-b-p",
        "repo": "preload-ng",
        "rev": "b2274bfa70f86c649ba4bddd5fd21c82ffccebe3",
        "type": "github"
      },
      "original": {
        "owner": "miguel-b-p",
        "repo": "preload-ng",
        "type": "github"
      }
    },
    "root": {
      "inputs": {
        "flake-utils": "flake-utils",
        "maccel": "maccel",
        "nixpkgs": "nixpkgs_2",
        "preload-ng": "preload-ng"
      }
    },
    "systems": {
      "locked": {
        "lastModified": 1681028828,
        "narHash": "sha256-Vy1rq5AaRuLzOxct8nz4T6wlgyUR7zLU309k9mBC768=",
        "owner": "nix-systems",
        "repo": "default",
        "rev": "da67096a3b9bf56a91d16901293e51ba5b49a27e",
        "type": "github"
      },
      "original": {
        "owner": "nix-systems",
        "repo": "default",
        "type": "github"
      }
    },
    "systems_2": {
      "locked": {
        "lastModified": 1681028828,
        "narHash": "sha256-Vy1rq5AaRuLzOxct8nz4T6wlgyUR7zLU309k9mBC768=",
        "owner": "nix-systems",
        "repo": "default",
        "rev": "da67096a3b9bf56a91d16901293e51ba5b49a27e",
        "type": "github"
      },
      "original": {
        "owner": "nix-systems",
        "repo": "default",
        "type": "github"
      }
    }
  },
  "root": "root",
  "version": 7
}
